<?xml version="1.0" encoding="utf-8"?>
<Project ToolsVersion="4.0" xmlns="http://schemas.microsoft.com/developer/msbuild/2003">
  <ItemGroup>
    <Filter Include="Entry">
      <UniqueIdentifier>{93995380-89BD-4b04-88EB-625FBE52EBFB}</UniqueIdentifier>
      <Extensions>h;hh;hpp;hxx;hm;inl;inc;xsd</Extensions>
    </Filter>
    <Filter Include="ThisApp">
      <UniqueIdentifier>{ab395c5d-0537-4313-a07e-da7866d2d5b0}</UniqueIdentifier>
    </Filter>
    <Filter Include="ThisApp\Rendering">
      <UniqueIdentifier>{4FC737F1-C7A5-4376-A066-2A32D752A2FF}</UniqueIdentifier>
      <Extensions>cpp;c;cc;cxx;def;odl;idl;hpj;bat;asm;asmx</Extensions>
    </Filter>
    <Filter Include="Scene">
      <UniqueIdentifier>{99c7d3c4-fe7d-485c-86ad-6b5aec62ec8f}</UniqueIdentifier>
    </Filter>
    <Filter Include="PCH">
      <UniqueIdentifier>{8c2954cf-247f-4eaa-8f03-a3f3279aa314}</UniqueIdentifier>
    </Filter>
    <Filter Include="ThisApp\Rendering\Object">
      <UniqueIdentifier>{81c5585e-bf5d-4ce3-918b-bb8e9618fbdc}</UniqueIdentifier>
    </Filter>
    <Filter Include="ThisApp\Rendering\FullScreenQuad">
      <UniqueIdentifier>{f7317785-d480-497f-83c0-6be31c228b90}</UniqueIdentifier>
    </Filter>
  </ItemGroup>
  <ItemGroup>
    <ClCompile Include="RenderContext.cpp">
      <Filter>ThisApp\Rendering</Filter>
    </ClCompile>
    <ClCompile Include="SceneDescriptor.cpp">
      <Filter>ThisApp\Rendering</Filter>
    </ClCompile>
    <ClCompile Include="WinMain.cpp">
      <Filter>Entry</Filter>
    </ClCompile>
    <ClCompile Include="ThisApp.cpp">
      <Filter>ThisApp</Filter>
    </ClCompile>
    <ClCompile Include="Mesh.cpp">
      <Filter>Scene</Filter>
    </ClCompile>
    <ClCompile Include="pch.cpp">
      <Filter>PCH</Filter>
    </ClCompile>
    <ClCompile Include="ObjectRenderer.cpp">
      <Filter>ThisApp\Rendering\Object</Filter>
    </ClCompile>
    <ClCompile Include="RenderProcedure.cpp">
      <Filter>ThisApp\Rendering</Filter>
    </ClCompile>
  </ItemGroup>
  <ItemGroup>
    <ClInclude Include="RenderContext.h">
      <Filter>ThisApp\Rendering</Filter>
    </ClInclude>
    <ClInclude Include="SceneDescriptor.h">
      <Filter>ThisApp\Rendering</Filter>
    </ClInclude>
    <ClInclude Include="ThisApp.h">
      <Filter>ThisApp</Filter>
    </ClInclude>
    <ClInclude Include="Mesh.h">
      <Filter>Scene</Filter>
    </ClInclude>
    <ClInclude Include="pch.h">
      <Filter>PCH</Filter>
    </ClInclude>
    <ClInclude Include="MeshT.h">
      <Filter>Scene</Filter>
    </ClInclude>
    <ClInclude Include="ObjectRenderer.h">
      <Filter>ThisApp\Rendering\Object</Filter>
    </ClInclude>
    <ClInclude Include="RenderProcedure.h">
      <Filter>ThisApp\Rendering</Filter>
    </ClInclude>
  </ItemGroup>
  <ItemGroup>
    <FxCompile Include="Shader\Object.fx">
      <Filter>ThisApp\Rendering\Object</Filter>
    </FxCompile>
    <FxCompile Include="Shader\FullScreenQuad.fx">
      <Filter>ThisApp\Rendering\FullScreenQuad</Filter>
    </FxCompile>
  </ItemGroup>
</Project>