<?xml version="1.0" encoding="utf-8"?>
<Project ToolsVersion="4.0" xmlns="http://schemas.microsoft.com/developer/msbuild/2003">
  <ItemGroup>
    <Filter Include="Entry">
      <UniqueIdentifier>{93995380-89BD-4b04-88EB-625FBE52EBFB}</UniqueIdentifier>
      <Extensions>h;hh;hpp;hxx;hm;inl;inc;xsd</Extensions>
    </Filter>
    <Filter Include="ThisApp">
      <UniqueIdentifier>{ab395c5d-0537-4313-a07e-da7866d2d5b0}</UniqueIdentifier>
    </Filter>
    <Filter Include="PCH">
      <UniqueIdentifier>{8c2954cf-247f-4eaa-8f03-a3f3279aa314}</UniqueIdentifier>
    </Filter>
    <Filter Include="Visual">
      <UniqueIdentifier>{4FC737F1-C7A5-4376-A066-2A32D752A2FF}</UniqueIdentifier>
      <Extensions>cpp;c;cc;cxx;def;odl;idl;hpj;bat;asm;asmx</Extensions>
    </Filter>
    <Filter Include="Visual\Rendering">
      <UniqueIdentifier>{a5fbc745-de7d-4ee1-a400-e65a9078bfca}</UniqueIdentifier>
    </Filter>
    <Filter Include="Visual\Rendering\Object">
      <UniqueIdentifier>{81c5585e-bf5d-4ce3-918b-bb8e9618fbdc}</UniqueIdentifier>
    </Filter>
    <Filter Include="Visual\Rendering\Deferred">
      <UniqueIdentifier>{c0075188-2759-405f-adde-dee72c6ff609}</UniqueIdentifier>
    </Filter>
    <Filter Include="Robot">
      <UniqueIdentifier>{c6faf65b-f0fd-47d6-bd6c-1f5ad5645b01}</UniqueIdentifier>
    </Filter>
    <Filter Include="Visual\Scene">
      <UniqueIdentifier>{99c7d3c4-fe7d-485c-86ad-6b5aec62ec8f}</UniqueIdentifier>
    </Filter>
    <Filter Include="Visual\Rendering\UI">
      <UniqueIdentifier>{2cd53e8a-e2fa-4998-9b7b-71e6e39a0384}</UniqueIdentifier>
    </Filter>
    <Filter Include="ThisApp\IKPicking">
      <UniqueIdentifier>{3bb2ea68-d810-463b-bcf5-31e0c448bc18}</UniqueIdentifier>
    </Filter>
    <Filter Include="Mathematics">
      <UniqueIdentifier>{409951d6-3b90-48e4-b7b9-f887df21c59b}</UniqueIdentifier>
    </Filter>
    <Filter Include="Mathematics\Vector">
      <UniqueIdentifier>{372cd03f-f00f-4388-a033-dd2eb22aa822}</UniqueIdentifier>
    </Filter>
    <Filter Include="Mathematics\Matrix">
      <UniqueIdentifier>{9cc07f1e-b7c1-4a3c-8102-c2deb370d294}</UniqueIdentifier>
    </Filter>
    <Filter Include="Mathematics\Vector\Operator">
      <UniqueIdentifier>{9f6f0d6d-96b4-4258-94d3-b4236d6186b8}</UniqueIdentifier>
    </Filter>
    <Filter Include="Mathematics\Vector\Expression">
      <UniqueIdentifier>{48e00f30-fef9-4e3c-a0e7-ab6c599a27c2}</UniqueIdentifier>
    </Filter>
    <Filter Include="Mathematics\Vector\Base">
      <UniqueIdentifier>{74990e45-acb8-409b-a9b3-0a27132cddab}</UniqueIdentifier>
    </Filter>
    <Filter Include="Robot\Build">
      <UniqueIdentifier>{632d86c0-5678-46e7-a6ad-6c18f35ecfcd}</UniqueIdentifier>
    </Filter>
    <Filter Include="Robot\Component">
      <UniqueIdentifier>{62f22a43-b6b0-4746-bf73-9525af2718f2}</UniqueIdentifier>
    </Filter>
    <Filter Include="Visual\Rendering\Diagnostic">
      <UniqueIdentifier>{5cc8eb1a-65c1-4a53-a8ec-7397f7b9b517}</UniqueIdentifier>
    </Filter>
    <Filter Include="Mathematics\Spline">
      <UniqueIdentifier>{5b9491dd-f50c-484e-a1a9-7541a354bca8}</UniqueIdentifier>
    </Filter>
  </ItemGroup>
  <ItemGroup>
    <ClCompile Include="RenderContext.cpp">
      <Filter>Visual</Filter>
    </ClCompile>
    <ClCompile Include="SceneDescriptor.cpp">
      <Filter>Visual</Filter>
    </ClCompile>
    <ClCompile Include="WinMain.cpp">
      <Filter>Entry</Filter>
    </ClCompile>
    <ClCompile Include="ThisApp.cpp">
      <Filter>ThisApp</Filter>
    </ClCompile>
    <ClCompile Include="Mesh.cpp">
      <Filter>Visual\Scene</Filter>
    </ClCompile>
    <ClCompile Include="pch.cpp">
      <Filter>PCH</Filter>
    </ClCompile>
    <ClCompile Include="ObjectRenderer.cpp">
      <Filter>Visual\Rendering\Object</Filter>
    </ClCompile>
    <ClCompile Include="RenderProcedure.cpp">
      <Filter>Visual</Filter>
    </ClCompile>
    <ClCompile Include="DeferredRendrerer.cpp">
      <Filter>Visual\Rendering\Deferred</Filter>
    </ClCompile>
    <ClCompile Include="Logger.cpp">
      <Filter>Visual</Filter>
    </ClCompile>
    <ClCompile Include="Robot.cpp">
      <Filter>Robot</Filter>
    </ClCompile>
    <ClCompile Include="UIRenderer.cpp">
      <Filter>Visual\Rendering\UI</Filter>
    </ClCompile>
    <ClCompile Include="IKPicking.cpp">
      <Filter>ThisApp\IKPicking</Filter>
    </ClCompile>
    <ClCompile Include="FrameHelper.cpp">
      <Filter>Mathematics</Filter>
    </ClCompile>
    <ClCompile Include="AngleHelper.cpp">
      <Filter>Mathematics</Filter>
    </ClCompile>
    <ClCompile Include="exp-map.cpp">
      <Filter>Mathematics</Filter>
    </ClCompile>
    <ClCompile Include="Vector.cpp">
      <Filter>Mathematics\Vector</Filter>
    </ClCompile>
    <ClCompile Include="ExponentialMap.cpp">
      <Filter>Mathematics</Filter>
    </ClCompile>
    <ClCompile Include="RobotBuilder.cpp">
      <Filter>Robot\Build</Filter>
    </ClCompile>
    <ClCompile Include="RobotCoordinate.cpp">
      <Filter>Robot\Component</Filter>
    </ClCompile>
    <ClCompile Include="RobotBody.cpp">
      <Filter>Robot\Component</Filter>
    </ClCompile>
    <ClCompile Include="RobotIK.cpp">
      <Filter>Robot\Component</Filter>
    </ClCompile>
    <ClCompile Include="DiagnosticRenderer.cpp">
      <Filter>Visual\Rendering\Diagnostic</Filter>
    </ClCompile>
    <ClCompile Include="HermiteSpline.cpp">
      <Filter>Mathematics\Spline</Filter>
    </ClCompile>
  </ItemGroup>
  <ItemGroup>
    <ClInclude Include="RenderContext.h">
      <Filter>Visual</Filter>
    </ClInclude>
    <ClInclude Include="SceneDescriptor.h">
      <Filter>Visual</Filter>
    </ClInclude>
    <ClInclude Include="ThisApp.h">
      <Filter>ThisApp</Filter>
    </ClInclude>
    <ClInclude Include="Mesh.h">
      <Filter>Visual\Scene</Filter>
    </ClInclude>
    <ClInclude Include="pch.h">
      <Filter>PCH</Filter>
    </ClInclude>
    <ClInclude Include="MeshT.h">
      <Filter>Visual\Scene</Filter>
    </ClInclude>
    <ClInclude Include="ObjectRenderer.h">
      <Filter>Visual\Rendering\Object</Filter>
    </ClInclude>
    <ClInclude Include="RenderProcedure.h">
      <Filter>Visual</Filter>
    </ClInclude>
    <ClInclude Include="DeferredRenderer.h">
      <Filter>Visual\Rendering\Deferred</Filter>
    </ClInclude>
    <ClInclude Include="ObjectBuffer.h">
      <Filter>Visual\Rendering\Object</Filter>
    </ClInclude>
    <ClInclude Include="Logger.h">
      <Filter>Visual</Filter>
    </ClInclude>
    <ClInclude Include="Robot.h">
      <Filter>Robot</Filter>
    </ClInclude>
    <ClInclude Include="UIRenderer.h">
      <Filter>Visual\Rendering\UI</Filter>
    </ClInclude>
    <ClInclude Include="BasicMeshT.h">
      <Filter>Visual\Scene</Filter>
    </ClInclude>
    <ClInclude Include="IKPicking.h">
      <Filter>ThisApp\IKPicking</Filter>
    </ClInclude>
    <ClInclude Include="FrameHelper.h">
      <Filter>Mathematics</Filter>
    </ClInclude>
    <ClInclude Include="AngleHelper.h">
      <Filter>Mathematics</Filter>
    </ClInclude>
    <ClInclude Include="exp-map.h">
      <Filter>Mathematics</Filter>
    </ClInclude>
    <ClInclude Include="Vector.h">
      <Filter>Mathematics\Vector</Filter>
    </ClInclude>
    <ClInclude Include="Matrix.h">
      <Filter>Mathematics\Matrix</Filter>
    </ClInclude>
    <ClInclude Include="VectorDXMathAdaptor.h">
      <Filter>Mathematics\Vector</Filter>
    </ClInclude>
    <ClInclude Include="VectorBinaryOperator.h">
      <Filter>Mathematics\Vector\Operator</Filter>
    </ClInclude>
    <ClInclude Include="VectorUnaryOperator.h">
      <Filter>Mathematics\Vector\Operator</Filter>
    </ClInclude>
    <ClInclude Include="VectorExpression.h">
      <Filter>Mathematics\Vector\Expression</Filter>
    </ClInclude>
    <ClInclude Include="VectorExpressionArgument.h">
      <Filter>Mathematics\Vector\Expression</Filter>
    </ClInclude>
    <ClInclude Include="VectorOperator.h">
      <Filter>Mathematics\Vector\Operator</Filter>
    </ClInclude>
    <ClInclude Include="VectorOperation.h">
      <Filter>Mathematics\Vector\Operator</Filter>
    </ClInclude>
    <ClInclude Include="VectorBody.h">
      <Filter>Mathematics\Vector\Base</Filter>
    </ClInclude>
    <ClInclude Include="VectorDescriptor.h">
      <Filter>Mathematics\Vector\Base</Filter>
    </ClInclude>
    <ClInclude Include="VectorIntrinsic.h">
      <Filter>Mathematics\Vector\Base</Filter>
    </ClInclude>
    <ClInclude Include="VectorMacro.h">
      <Filter>Mathematics\Vector\Base</Filter>
    </ClInclude>
    <ClInclude Include="VectorTerneryOperator.h">
      <Filter>Mathematics\Vector\Operator</Filter>
    </ClInclude>
    <ClInclude Include="ExponentialMap.h">
      <Filter>Mathematics</Filter>
    </ClInclude>
    <ClInclude Include="RobotBuilder.h">
      <Filter>Robot\Build</Filter>
    </ClInclude>
    <ClInclude Include="RobotCoordinate.h">
      <Filter>Robot\Component</Filter>
    </ClInclude>
    <ClInclude Include="RobotBody.h">
      <Filter>Robot\Component</Filter>
    </ClInclude>
    <ClInclude Include="RobotIK.h">
      <Filter>Robot\Component</Filter>
    </ClInclude>
    <ClInclude Include="DXMathTransform.h">
      <Filter>Mathematics\Matrix</Filter>
    </ClInclude>
    <ClInclude Include="RobotImplementation.h">
      <Filter>Robot\Build</Filter>
    </ClInclude>
    <ClInclude Include="DiagnosticRenderer.h">
      <Filter>Visual\Rendering\Diagnostic</Filter>
    </ClInclude>
    <ClInclude Include="HermiteSpline.h">
      <Filter>Mathematics\Spline</Filter>
    </ClInclude>
  </ItemGroup>
  <ItemGroup>
    <FxCompile Include="Shader\Object.fx">
      <Filter>Visual\Rendering\Object</Filter>
    </FxCompile>
    <FxCompile Include="Shader\Deferred.fx">
      <Filter>Visual\Rendering\Deferred</Filter>
    </FxCompile>
    <FxCompile Include="Shader\Shadow.fx">
      <Filter>Visual\Rendering\Object</Filter>
    </FxCompile>
    <FxCompile Include="Shader\UI.fx">
      <Filter>Visual\Rendering\UI</Filter>
    </FxCompile>
    <FxCompile Include="Shader\Diagnostic.fx">
      <Filter>Visual\Rendering\Diagnostic</Filter>
    </FxCompile>
  </ItemGroup>
</Project>